
Microsoft Visual Studio Solution File, Format Version 12.00
# Visual Studio Version 17
VisualStudioVersion = 17.13.35818.85 d17.13
MinimumVisualStudioVersion = 10.0.40219.1
Project("{FAE04EC0-301F-11D3-BF4B-00C04F79EFBC}") = "MyFinancialCrm", "FinancialCrm\MyFinancialCrm.csproj", "{7736DFC8-AAF6-4BD6-B6F6-7F048D4A148F}"
EndProject
Global
	GlobalSection(SolutionConfigurationPlatforms) = preSolution
		Debug|Any CPU = Debug|Any CPU
		Release|Any CPU = Release|Any CPU
	EndGlobalSection
	GlobalSection(ProjectConfigurationPlatforms) = postSolution
		{7736DFC8-AAF6-4BD6-B6F6-7F048D4A148F}.Debug|Any CPU.ActiveCfg = Debug|Any CPU
		{7736DFC8-AAF6-4BD6-B6F6-7F048D4A148F}.Debug|Any CPU.Build.0 = Debug|Any CPU
		{7736DFC8-AAF6-4BD6-B6F6-7F048D4A148F}.Release|Any CPU.ActiveCfg = Release|Any CPU
		{7736DFC8-AAF6-4BD6-B6F6-7F048D4A148F}.Release|Any CPU.Build.0 = Release|Any CPU
	EndGlobalSection
	GlobalSection(SolutionProperties) = preSolution
		HideSolutionNode = FALSE
	EndGlobalSection
	GlobalSection(ExtensibilityGlobals) = postSolution
		SolutionGuid = {46F2C531-1935-4177-AA3B-DD8841FF3572}
	EndGlobalSection
EndGlobal
